
Microsoft Visual Studio Solution File, Format Version 11.00
# Visual Studio 2010
Project("{8BC9CEB8-8B4A-11D0-8D11-00A0C91BC942}") = "3802_Game", "3802_Game\3802_Game.vcxproj", "{54BDA25E-C96A-45AE-9BB3-16C9AB90B485}"
EndProject
Global
	GlobalSection(SolutionConfigurationPlatforms) = preSolution
		Debug|Win32 = Debug|Win32
		Release|Win32 = Release|Win32
	EndGlobalSection
	GlobalSection(ProjectConfigurationPlatforms) = postSolution
		{54BDA25E-C96A-45AE-9BB3-16C9AB90B485}.Debug|Win32.ActiveCfg = Debug|Win32
		{54BDA25E-C96A-45AE-9BB3-16C9AB90B485}.Debug|Win32.Build.0 = Debug|Win32
		{54BDA25E-C96A-45AE-9BB3-16C9AB90B485}.Release|Win32.ActiveCfg = Release|Win32
		{54BDA25E-C96A-45AE-9BB3-16C9AB90B485}.Release|Win32.Build.0 = Release|Win32
	EndGlobalSection
	GlobalSection(SolutionProperties) = preSolution
		HideSolutionNode = FALSE
	EndGlobalSection
EndGlobal
